
Microsoft Visual Studio Solution File, Format Version 12.00
Project("{FAE04EC0-301F-11D3-BF4B-00C04F79EFBC}") = "AdaptTrial", "AdaptTrial.csproj", "{66EE1985-1A69-4853-AE8F-9A26F13AD9DD}"
EndProject
Global
	GlobalSection(SolutionConfigurationPlatforms) = preSolution
		Debug|Any CPU = Debug|Any CPU
		Release|Any CPU = Release|Any CPU
	EndGlobalSection
	GlobalSection(ProjectConfigurationPlatforms) = postSolution
		{66EE1985-1A69-4853-AE8F-9A26F13AD9DD}.Debug|Any CPU.ActiveCfg = Debug|Any CPU
		{66EE1985-1A69-4853-AE8F-9A26F13AD9DD}.Debug|Any CPU.Build.0 = Debug|Any CPU
		{66EE1985-1A69-4853-AE8F-9A26F13AD9DD}.Release|Any CPU.ActiveCfg = Release|Any CPU
		{66EE1985-1A69-4853-AE8F-9A26F13AD9DD}.Release|Any CPU.Build.0 = Release|Any CPU
	EndGlobalSection
EndGlobal
